
Microsoft Visual Studio Solution File, Format Version 12.00
# Visual Studio Version 17
VisualStudioVersion = 17.0.31903.59
MinimumVisualStudioVersion = 10.0.40219.1
Project("{2150E333-8FDC-42A3-9474-1A3956D46DE8}") = "src", "src", "{AA94F21D-5EF8-4178-85AF-693528CCAE13}"
EndProject
Project("{FAE04EC0-301F-11D3-BF4B-00C04F79EFBC}") = "Benchmarks.Http", "src\Benchmarks.Http\Benchmarks.Http.csproj", "{C37285C7-F090-45D6-A653-9EA907367ED7}"
EndProject
Global
	GlobalSection(SolutionConfigurationPlatforms) = preSolution
		Debug|Any CPU = Debug|Any CPU
		Release|Any CPU = Release|Any CPU
	EndGlobalSection
	GlobalSection(SolutionProperties) = preSolution
		HideSolutionNode = FALSE
	EndGlobalSection
	GlobalSection(ProjectConfigurationPlatforms) = postSolution
		{3C7A1BA5-52FB-4096-9A8E-7DE1CF5F4F26}.Debug|Any CPU.ActiveCfg = Debug|Any CPU
		{3C7A1BA5-52FB-4096-9A8E-7DE1CF5F4F26}.Debug|Any CPU.Build.0 = Debug|Any CPU
		{3C7A1BA5-52FB-4096-9A8E-7DE1CF5F4F26}.Release|Any CPU.ActiveCfg = Release|Any CPU
		{3C7A1BA5-52FB-4096-9A8E-7DE1CF5F4F26}.Release|Any CPU.Build.0 = Release|Any CPU
		{C37285C7-F090-45D6-A653-9EA907367ED7}.Debug|Any CPU.ActiveCfg = Debug|Any CPU
		{C37285C7-F090-45D6-A653-9EA907367ED7}.Debug|Any CPU.Build.0 = Debug|Any CPU
		{C37285C7-F090-45D6-A653-9EA907367ED7}.Release|Any CPU.ActiveCfg = Release|Any CPU
		{C37285C7-F090-45D6-A653-9EA907367ED7}.Release|Any CPU.Build.0 = Release|Any CPU
	EndGlobalSection
	GlobalSection(NestedProjects) = preSolution
		{C37285C7-F090-45D6-A653-9EA907367ED7} = {AA94F21D-5EF8-4178-85AF-693528CCAE13}
	EndGlobalSection
EndGlobal
