
Microsoft Visual Studio Solution File, Format Version 12.00
Project("{FAE04EC0-301F-11D3-BF4B-00C04F79EFBC}") = "Samples.Orchestrator.Core", "Samples.Orchestrator.Core\Samples.Orchestrator.Core.csproj", "{9226F241-9D73-4F99-A047-70E46FD21E83}"
EndProject
Project("{2150E333-8FDC-42A3-9474-1A3956D46DE8}") = "Orchestrator", "Orchestrator", "{5F82E0F1-FC81-48E9-AB3B-2740705A9D66}"
EndProject
Project("{2150E333-8FDC-42A3-9474-1A3956D46DE8}") = "src", "src", "{7519F2A0-378D-4895-9C82-A421BF730494}"
EndProject
Project("{2150E333-8FDC-42A3-9474-1A3956D46DE8}") = "tests", "tests", "{7D74B9CF-E460-40B5-9E40-95CC648FC216}"
EndProject
Project("{FAE04EC0-301F-11D3-BF4B-00C04F79EFBC}") = "Samples.Orchestrator.Tests", "Samples.Orchestrator.Tests\Samples.Orchestrator.Tests.csproj", "{E584DF34-4FEF-4FA2-BFE6-215725F7DD86}"
EndProject
Project("{FAE04EC0-301F-11D3-BF4B-00C04F79EFBC}") = "Samples.Orchestrator.BuildingBlocks", "Samples.Orchestrator.BuildingBlocks\Samples.Orchestrator.BuildingBlocks.csproj", "{406A6570-46A8-4DAD-B7AB-C273DF9D1230}"
EndProject
Project("{FAE04EC0-301F-11D3-BF4B-00C04F79EFBC}") = "Samples.Orchestrator.Payment", "Samples.Orchestrator.Payment\Samples.Orchestrator.Payment.csproj", "{0D8FE878-A217-4A79-B2E9-976708AB90ED}"
EndProject
Project("{FAE04EC0-301F-11D3-BF4B-00C04F79EFBC}") = "Samples.Orchestrator.Shipping", "Samples.Orchestrator.Shipping\Samples.Orchestrator.Shipping.csproj", "{68FD1B18-54A2-4E8C-BFF6-4AE44506CE2A}"
EndProject
Global
	GlobalSection(SolutionConfigurationPlatforms) = preSolution
		Debug|Any CPU = Debug|Any CPU
		Release|Any CPU = Release|Any CPU
	EndGlobalSection
	GlobalSection(ProjectConfigurationPlatforms) = postSolution
		{9226F241-9D73-4F99-A047-70E46FD21E83}.Debug|Any CPU.ActiveCfg = Debug|Any CPU
		{9226F241-9D73-4F99-A047-70E46FD21E83}.Debug|Any CPU.Build.0 = Debug|Any CPU
		{9226F241-9D73-4F99-A047-70E46FD21E83}.Release|Any CPU.ActiveCfg = Release|Any CPU
		{9226F241-9D73-4F99-A047-70E46FD21E83}.Release|Any CPU.Build.0 = Release|Any CPU
		{E584DF34-4FEF-4FA2-BFE6-215725F7DD86}.Debug|Any CPU.ActiveCfg = Debug|Any CPU
		{E584DF34-4FEF-4FA2-BFE6-215725F7DD86}.Debug|Any CPU.Build.0 = Debug|Any CPU
		{E584DF34-4FEF-4FA2-BFE6-215725F7DD86}.Release|Any CPU.ActiveCfg = Release|Any CPU
		{E584DF34-4FEF-4FA2-BFE6-215725F7DD86}.Release|Any CPU.Build.0 = Release|Any CPU
		{406A6570-46A8-4DAD-B7AB-C273DF9D1230}.Debug|Any CPU.ActiveCfg = Debug|Any CPU
		{406A6570-46A8-4DAD-B7AB-C273DF9D1230}.Debug|Any CPU.Build.0 = Debug|Any CPU
		{406A6570-46A8-4DAD-B7AB-C273DF9D1230}.Release|Any CPU.ActiveCfg = Release|Any CPU
		{406A6570-46A8-4DAD-B7AB-C273DF9D1230}.Release|Any CPU.Build.0 = Release|Any CPU
		{0D8FE878-A217-4A79-B2E9-976708AB90ED}.Debug|Any CPU.ActiveCfg = Debug|Any CPU
		{0D8FE878-A217-4A79-B2E9-976708AB90ED}.Debug|Any CPU.Build.0 = Debug|Any CPU
		{0D8FE878-A217-4A79-B2E9-976708AB90ED}.Release|Any CPU.ActiveCfg = Release|Any CPU
		{0D8FE878-A217-4A79-B2E9-976708AB90ED}.Release|Any CPU.Build.0 = Release|Any CPU
		{68FD1B18-54A2-4E8C-BFF6-4AE44506CE2A}.Debug|Any CPU.ActiveCfg = Debug|Any CPU
		{68FD1B18-54A2-4E8C-BFF6-4AE44506CE2A}.Debug|Any CPU.Build.0 = Debug|Any CPU
		{68FD1B18-54A2-4E8C-BFF6-4AE44506CE2A}.Release|Any CPU.ActiveCfg = Release|Any CPU
		{68FD1B18-54A2-4E8C-BFF6-4AE44506CE2A}.Release|Any CPU.Build.0 = Release|Any CPU
	EndGlobalSection
	GlobalSection(NestedProjects) = preSolution
		{7519F2A0-378D-4895-9C82-A421BF730494} = {5F82E0F1-FC81-48E9-AB3B-2740705A9D66}
		{9226F241-9D73-4F99-A047-70E46FD21E83} = {7519F2A0-378D-4895-9C82-A421BF730494}
		{7D74B9CF-E460-40B5-9E40-95CC648FC216} = {5F82E0F1-FC81-48E9-AB3B-2740705A9D66}
		{E584DF34-4FEF-4FA2-BFE6-215725F7DD86} = {7D74B9CF-E460-40B5-9E40-95CC648FC216}
		{406A6570-46A8-4DAD-B7AB-C273DF9D1230} = {7519F2A0-378D-4895-9C82-A421BF730494}
		{0D8FE878-A217-4A79-B2E9-976708AB90ED} = {7519F2A0-378D-4895-9C82-A421BF730494}
		{68FD1B18-54A2-4E8C-BFF6-4AE44506CE2A} = {7519F2A0-378D-4895-9C82-A421BF730494}
	EndGlobalSection
EndGlobal
